
Microsoft Visual Studio Solution File, Format Version 12.00
# Visual Studio Version 16
VisualStudioVersion = 16.0.30517.126
MinimumVisualStudioVersion = 10.0.40219.1
Project("{FAE04EC0-301F-11D3-BF4B-00C04F79EFBC}") = "lab1", "lab1\lab1.csproj", "{3B866F89-757F-4515-8F38-2890EA0E1191}"
EndProject
Global
	GlobalSection(SolutionConfigurationPlatforms) = preSolution
		Debug|Any CPU = Debug|Any CPU
		Release|Any CPU = Release|Any CPU
	EndGlobalSection
	GlobalSection(ProjectConfigurationPlatforms) = postSolution
		{3B866F89-757F-4515-8F38-2890EA0E1191}.Debug|Any CPU.ActiveCfg = Debug|Any CPU
		{3B866F89-757F-4515-8F38-2890EA0E1191}.Debug|Any CPU.Build.0 = Debug|Any CPU
		{3B866F89-757F-4515-8F38-2890EA0E1191}.Release|Any CPU.ActiveCfg = Release|Any CPU
		{3B866F89-757F-4515-8F38-2890EA0E1191}.Release|Any CPU.Build.0 = Release|Any CPU
	EndGlobalSection
	GlobalSection(SolutionProperties) = preSolution
		HideSolutionNode = FALSE
	EndGlobalSection
	GlobalSection(ExtensibilityGlobals) = postSolution
		SolutionGuid = {78D52038-5691-4FFE-BC96-0C7A993C084E}
	EndGlobalSection
EndGlobal
