
Microsoft Visual Studio Solution File, Format Version 12.00
# Visual Studio Version 16
VisualStudioVersion = 16.0.30517.126
MinimumVisualStudioVersion = 10.0.40219.1
Project("{FAE04EC0-301F-11D3-BF4B-00C04F79EFBC}") = "lab11", "lab11\lab11.csproj", "{11A69AFC-A1BA-423D-86BE-FB9E143E69AA}"
EndProject
Global
	GlobalSection(SolutionConfigurationPlatforms) = preSolution
		Debug|Any CPU = Debug|Any CPU
		Release|Any CPU = Release|Any CPU
	EndGlobalSection
	GlobalSection(ProjectConfigurationPlatforms) = postSolution
		{11A69AFC-A1BA-423D-86BE-FB9E143E69AA}.Debug|Any CPU.ActiveCfg = Debug|Any CPU
		{11A69AFC-A1BA-423D-86BE-FB9E143E69AA}.Debug|Any CPU.Build.0 = Debug|Any CPU
		{11A69AFC-A1BA-423D-86BE-FB9E143E69AA}.Release|Any CPU.ActiveCfg = Release|Any CPU
		{11A69AFC-A1BA-423D-86BE-FB9E143E69AA}.Release|Any CPU.Build.0 = Release|Any CPU
	EndGlobalSection
	GlobalSection(SolutionProperties) = preSolution
		HideSolutionNode = FALSE
	EndGlobalSection
	GlobalSection(ExtensibilityGlobals) = postSolution
		SolutionGuid = {54BBFEF9-F931-4A24-A890-02696F7C4A35}
	EndGlobalSection
EndGlobal
