
Microsoft Visual Studio Solution File, Format Version 12.00
# Visual Studio Version 16
VisualStudioVersion = 16.0.30517.126
MinimumVisualStudioVersion = 10.0.40219.1
Project("{FAE04EC0-301F-11D3-BF4B-00C04F79EFBC}") = "lab8", "lab8\lab8.csproj", "{12050778-7478-4BE1-B82F-5B59C0F7FBC0}"
EndProject
Global
	GlobalSection(SolutionConfigurationPlatforms) = preSolution
		Debug|Any CPU = Debug|Any CPU
		Release|Any CPU = Release|Any CPU
	EndGlobalSection
	GlobalSection(ProjectConfigurationPlatforms) = postSolution
		{12050778-7478-4BE1-B82F-5B59C0F7FBC0}.Debug|Any CPU.ActiveCfg = Debug|Any CPU
		{12050778-7478-4BE1-B82F-5B59C0F7FBC0}.Debug|Any CPU.Build.0 = Debug|Any CPU
		{12050778-7478-4BE1-B82F-5B59C0F7FBC0}.Release|Any CPU.ActiveCfg = Release|Any CPU
		{12050778-7478-4BE1-B82F-5B59C0F7FBC0}.Release|Any CPU.Build.0 = Release|Any CPU
	EndGlobalSection
	GlobalSection(SolutionProperties) = preSolution
		HideSolutionNode = FALSE
	EndGlobalSection
	GlobalSection(ExtensibilityGlobals) = postSolution
		SolutionGuid = {8FBAC799-9F98-4C90-8CEE-783CA1521952}
	EndGlobalSection
EndGlobal
