
Microsoft Visual Studio Solution File, Format Version 12.00
# Visual Studio Version 16
VisualStudioVersion = 16.0.30517.126
MinimumVisualStudioVersion = 10.0.40219.1
Project("{FAE04EC0-301F-11D3-BF4B-00C04F79EFBC}") = "kalykulytor", "kalykulytor\kalykulytor.csproj", "{5B848BBB-52B1-45D3-AEC0-77ECEF29F0A3}"
EndProject
Global
	GlobalSection(SolutionConfigurationPlatforms) = preSolution
		Debug|Any CPU = Debug|Any CPU
		Release|Any CPU = Release|Any CPU
	EndGlobalSection
	GlobalSection(ProjectConfigurationPlatforms) = postSolution
		{5B848BBB-52B1-45D3-AEC0-77ECEF29F0A3}.Debug|Any CPU.ActiveCfg = Debug|Any CPU
		{5B848BBB-52B1-45D3-AEC0-77ECEF29F0A3}.Debug|Any CPU.Build.0 = Debug|Any CPU
		{5B848BBB-52B1-45D3-AEC0-77ECEF29F0A3}.Release|Any CPU.ActiveCfg = Release|Any CPU
		{5B848BBB-52B1-45D3-AEC0-77ECEF29F0A3}.Release|Any CPU.Build.0 = Release|Any CPU
	EndGlobalSection
	GlobalSection(SolutionProperties) = preSolution
		HideSolutionNode = FALSE
	EndGlobalSection
	GlobalSection(ExtensibilityGlobals) = postSolution
		SolutionGuid = {14B32979-5BD7-4945-8695-6608129B360F}
	EndGlobalSection
EndGlobal
